
Microsoft Visual Studio Solution File, Format Version 12.00
# Visual Studio 15
VisualStudioVersion = 15.0.27703.2000
MinimumVisualStudioVersion = 10.0.40219.1
Project("{9A19103F-16F7-4668-BE54-9A1E7A4F7556}") = "SignalRDemo", "Chat\SignalRDemo\SignalRDemo.csproj", "{849FF648-65AB-4B5E-A95D-E2E0BA4472DF}"
EndProject
Global
	GlobalSection(SolutionConfigurationPlatforms) = preSolution
		Debug|Any CPU = Debug|Any CPU
		Release|Any CPU = Release|Any CPU
	EndGlobalSection
	GlobalSection(ProjectConfigurationPlatforms) = postSolution
		{849FF648-65AB-4B5E-A95D-E2E0BA4472DF}.Debug|Any CPU.ActiveCfg = Debug|Any CPU
		{849FF648-65AB-4B5E-A95D-E2E0BA4472DF}.Debug|Any CPU.Build.0 = Debug|Any CPU
		{849FF648-65AB-4B5E-A95D-E2E0BA4472DF}.Release|Any CPU.ActiveCfg = Release|Any CPU
		{849FF648-65AB-4B5E-A95D-E2E0BA4472DF}.Release|Any CPU.Build.0 = Release|Any CPU
	EndGlobalSection
	GlobalSection(SolutionProperties) = preSolution
		HideSolutionNode = FALSE
	EndGlobalSection
	GlobalSection(ExtensibilityGlobals) = postSolution
		SolutionGuid = {6DF23461-9367-473E-AC77-DA15BF1E4593}
	EndGlobalSection
EndGlobal
