
Microsoft Visual Studio Solution File, Format Version 12.00
# Visual Studio 15
VisualStudioVersion = 15.0.27703.2000
MinimumVisualStudioVersion = 10.0.40219.1
Project("{FAE04EC0-301F-11D3-BF4B-00C04F79EFBC}") = "SignalRDemo", "SignalRDemo\SignalRDemo.csproj", "{00A19304-22D6-41E7-A3D9-FD6F7895D614}"
EndProject
Global
	GlobalSection(SolutionConfigurationPlatforms) = preSolution
		Debug|Any CPU = Debug|Any CPU
		Release|Any CPU = Release|Any CPU
	EndGlobalSection
	GlobalSection(ProjectConfigurationPlatforms) = postSolution
		{00A19304-22D6-41E7-A3D9-FD6F7895D614}.Debug|Any CPU.ActiveCfg = Debug|Any CPU
		{00A19304-22D6-41E7-A3D9-FD6F7895D614}.Debug|Any CPU.Build.0 = Debug|Any CPU
		{00A19304-22D6-41E7-A3D9-FD6F7895D614}.Release|Any CPU.ActiveCfg = Release|Any CPU
		{00A19304-22D6-41E7-A3D9-FD6F7895D614}.Release|Any CPU.Build.0 = Release|Any CPU
	EndGlobalSection
	GlobalSection(SolutionProperties) = preSolution
		HideSolutionNode = FALSE
	EndGlobalSection
	GlobalSection(ExtensibilityGlobals) = postSolution
		SolutionGuid = {6DF23461-9367-473E-AC77-DA15BF1E4593}
	EndGlobalSection
EndGlobal
